
Microsoft Visual Studio Solution File, Format Version 12.00
# Visual Studio Version 16
VisualStudioVersion = 16.0.28606.126
MinimumVisualStudioVersion = 10.0.40219.1
Project("{FAE04EC0-301F-11D3-BF4B-00C04F79EFBC}") = "SnakeGameWinForms", "SnakeGameWinForms\SnakeGameWinForms.csproj", "{769C7523-D5CB-4D2A-8F2F-D285B7079724}"
EndProject
Global
	GlobalSection(SolutionConfigurationPlatforms) = preSolution
		Debug|Any CPU = Debug|Any CPU
		Release|Any CPU = Release|Any CPU
	EndGlobalSection
	GlobalSection(ProjectConfigurationPlatforms) = postSolution
		{769C7523-D5CB-4D2A-8F2F-D285B7079724}.Debug|Any CPU.ActiveCfg = Debug|Any CPU
		{769C7523-D5CB-4D2A-8F2F-D285B7079724}.Debug|Any CPU.Build.0 = Debug|Any CPU
		{769C7523-D5CB-4D2A-8F2F-D285B7079724}.Release|Any CPU.ActiveCfg = Release|Any CPU
		{769C7523-D5CB-4D2A-8F2F-D285B7079724}.Release|Any CPU.Build.0 = Release|Any CPU
	EndGlobalSection
	GlobalSection(SolutionProperties) = preSolution
		HideSolutionNode = FALSE
	EndGlobalSection
	GlobalSection(ExtensibilityGlobals) = postSolution
		SolutionGuid = {77DCC59F-56E8-4840-8427-71F78689E5FC}
	EndGlobalSection
EndGlobal
